
Microsoft Visual Studio Solution File, Format Version 12.00
# Visual Studio 15
VisualStudioVersion = 15.0.28307.1927
MinimumVisualStudioVersion = 10.0.40219.1
Project("{FAE04EC0-301F-11D3-BF4B-00C04F79EFBC}") = "QueirozStore.Api", "QueirozStore.Api\QueirozStore.Api.csproj", "{C765C832-309E-40A3-9128-31AA0DC71B29}"
EndProject
Project("{FAE04EC0-301F-11D3-BF4B-00C04F79EFBC}") = "QueirozStore.Domain", "QueirozStore.Domain\QueirozStore.Domain.csproj", "{B53523A0-2708-4276-B670-3E595736951C}"
EndProject
Project("{FAE04EC0-301F-11D3-BF4B-00C04F79EFBC}") = "QueirozStore.Shared", "Queiroz.Shared\QueirozStore.Shared.csproj", "{74EB0232-4047-4998-98EE-62ADB209BD9B}"
EndProject
Project("{FAE04EC0-301F-11D3-BF4B-00C04F79EFBC}") = "QueirozStore.Infra", "QueirozStore.Infra\QueirozStore.Infra.csproj", "{38812EDA-ACA5-4EF8-AD45-D0148EC981FC}"
EndProject
Project("{FAE04EC0-301F-11D3-BF4B-00C04F79EFBC}") = "QueirozStore.Tests", "QueirozStore.Tests\QueirozStore.Tests.csproj", "{D45ED6A3-2883-4A54-8ED5-368476D91FAD}"
EndProject
Global
	GlobalSection(SolutionConfigurationPlatforms) = preSolution
		Debug|Any CPU = Debug|Any CPU
		Release|Any CPU = Release|Any CPU
	EndGlobalSection
	GlobalSection(ProjectConfigurationPlatforms) = postSolution
		{C765C832-309E-40A3-9128-31AA0DC71B29}.Debug|Any CPU.ActiveCfg = Debug|Any CPU
		{C765C832-309E-40A3-9128-31AA0DC71B29}.Debug|Any CPU.Build.0 = Debug|Any CPU
		{C765C832-309E-40A3-9128-31AA0DC71B29}.Release|Any CPU.ActiveCfg = Release|Any CPU
		{C765C832-309E-40A3-9128-31AA0DC71B29}.Release|Any CPU.Build.0 = Release|Any CPU
		{B53523A0-2708-4276-B670-3E595736951C}.Debug|Any CPU.ActiveCfg = Debug|Any CPU
		{B53523A0-2708-4276-B670-3E595736951C}.Debug|Any CPU.Build.0 = Debug|Any CPU
		{B53523A0-2708-4276-B670-3E595736951C}.Release|Any CPU.ActiveCfg = Release|Any CPU
		{B53523A0-2708-4276-B670-3E595736951C}.Release|Any CPU.Build.0 = Release|Any CPU
		{74EB0232-4047-4998-98EE-62ADB209BD9B}.Debug|Any CPU.ActiveCfg = Debug|Any CPU
		{74EB0232-4047-4998-98EE-62ADB209BD9B}.Debug|Any CPU.Build.0 = Debug|Any CPU
		{74EB0232-4047-4998-98EE-62ADB209BD9B}.Release|Any CPU.ActiveCfg = Release|Any CPU
		{74EB0232-4047-4998-98EE-62ADB209BD9B}.Release|Any CPU.Build.0 = Release|Any CPU
		{38812EDA-ACA5-4EF8-AD45-D0148EC981FC}.Debug|Any CPU.ActiveCfg = Debug|Any CPU
		{38812EDA-ACA5-4EF8-AD45-D0148EC981FC}.Debug|Any CPU.Build.0 = Debug|Any CPU
		{38812EDA-ACA5-4EF8-AD45-D0148EC981FC}.Release|Any CPU.ActiveCfg = Release|Any CPU
		{38812EDA-ACA5-4EF8-AD45-D0148EC981FC}.Release|Any CPU.Build.0 = Release|Any CPU
		{D45ED6A3-2883-4A54-8ED5-368476D91FAD}.Debug|Any CPU.ActiveCfg = Debug|Any CPU
		{D45ED6A3-2883-4A54-8ED5-368476D91FAD}.Debug|Any CPU.Build.0 = Debug|Any CPU
		{D45ED6A3-2883-4A54-8ED5-368476D91FAD}.Release|Any CPU.ActiveCfg = Release|Any CPU
		{D45ED6A3-2883-4A54-8ED5-368476D91FAD}.Release|Any CPU.Build.0 = Release|Any CPU
	EndGlobalSection
	GlobalSection(SolutionProperties) = preSolution
		HideSolutionNode = FALSE
	EndGlobalSection
	GlobalSection(ExtensibilityGlobals) = postSolution
		SolutionGuid = {3F968D5D-2FFB-4156-8C99-FFE0BA175023}
	EndGlobalSection
EndGlobal
